# THIS IS AN AUTOGENERATED FILE. DO NOT EDIT THIS FILE DIRECTLY.
# yarn lockfile v1


accepts@^1.2.2:
  version "1.3.5"
  resolved "https://registry.npmjs.org/accepts/-/accepts-1.3.5.tgz"
  integrity sha1-63d99gEXI6OxTopywIBcjoZ0a9I=
  dependencies:
    mime-types "~2.1.18"
    negotiator "0.6.1"

ansi-regex@^2.0.0:
  version "2.1.1"
  resolved "https://registry.npmjs.org/ansi-regex/-/ansi-regex-2.1.1.tgz"
  integrity sha1-w7M6te42DYbg5ijwRorn7yfWVN8=

ansi-styles@^2.2.1:
  version "2.2.1"
  resolved "https://registry.npmjs.org/ansi-styles/-/ansi-styles-2.2.1.tgz"
  integrity sha1-tDLdM1i2NM914eRmQ2gkBTPB3b4=

ansicolors@~0.2.1:
  version "0.2.1"
  resolved "https://registry.npmjs.org/ansicolors/-/ansicolors-0.2.1.tgz"
  integrity sha1-vgiVmQl7dKXJxKhKDNvNtivYeu8=

any-promise@^1.1.0:
  version "1.3.0"
  resolved "https://registry.npmjs.org/any-promise/-/any-promise-1.3.0.tgz"
  integrity sha1-q8av7tzqUugJzcA3au0845Y10X8=

array-find-index@^1.0.1:
  version "1.0.2"
  resolved "https://registry.npmjs.org/array-find-index/-/array-find-index-1.0.2.tgz"
  integrity sha1-3wEKoSh+Fku9pvlyOwqWoexBh6E=

async-limiter@~1.0.0:
  version "1.0.0"
  resolved "https://registry.npmjs.org/async-limiter/-/async-limiter-1.0.0.tgz"
  integrity sha512-jp/uFnooOiO+L211eZOoSyzpOITMXx1rBITauYykG3BRYPu8h0UcxsPNB04RR5vo4Tyz3+ay17tR6JVf9qzYWg==

asynckit@^0.4.0:
  version "0.4.0"
  resolved "https://registry.npmjs.org/asynckit/-/asynckit-0.4.0.tgz"
  integrity sha1-x57Zf380y48robyXkLzDZkdLS3k=

balanced-match@^1.0.0:
  version "1.0.0"
  resolved "https://registry.npmjs.org/balanced-match/-/balanced-match-1.0.0.tgz"
  integrity sha1-ibTRmasr7kneFk6gK4nORi1xt2c=

book@1.3.3:
  version "1.3.3"
  resolved "https://registry.npmjs.org/book/-/book-1.3.3.tgz"
  integrity sha512-9UspsnNrD3nNbsrNhzKFp+tv0PvPVa4e/a7Nii7kr3bO4r55Y42gJfDxJnPBE0OlaV68Bo68sc+DtzC5A4uIPA==
  dependencies:
    error-stack-parser "1.3.6"

brace-expansion@^1.1.7:
  version "1.1.11"
  resolved "https://registry.npmjs.org/brace-expansion/-/brace-expansion-1.1.11.tgz"
  integrity sha512-iCuPHDFgrHX7H2vEI/5xpz07zSHB00TpugqhmYtVmMO6518mCuRMoOYFldEBl0g187ufozdaHgWKcYFb61qGiA==
  dependencies:
    balanced-match "^1.0.0"
    concat-map "0.0.1"

browser-stdout@1.3.1:
  version "1.3.1"
  resolved "https://registry.npmjs.org/browser-stdout/-/browser-stdout-1.3.1.tgz"
  integrity sha512-qhAVI1+Av2X7qelOfAIYwXONood6XlZE/fXaBSmW/T5SzLAmCgzi+eiWE7fUvbHaeNBQH13UftjpXxsfLkMpgw==

builtin-modules@^1.0.0:
  version "1.1.1"
  resolved "https://registry.npmjs.org/builtin-modules/-/builtin-modules-1.1.1.tgz"
  integrity sha1-Jw8HbFpywC9bZaR9+Uxf46J4iS8=

camelcase-keys@^2.0.0:
  version "2.1.0"
  resolved "https://registry.npmjs.org/camelcase-keys/-/camelcase-keys-2.1.0.tgz"
  integrity sha1-MIvur/3ygRkFHvodkyITyRuPkuc=
  dependencies:
    camelcase "^2.0.0"
    map-obj "^1.0.0"

camelcase@^2.0.0:
  version "2.1.1"
  resolved "https://registry.npmjs.org/camelcase/-/camelcase-2.1.1.tgz"
  integrity sha1-fB0W1nmhu+WcoCys7PsBHiAfWh8=

cardinal@^1.0.0:
  version "1.0.0"
  resolved "https://registry.npmjs.org/cardinal/-/cardinal-1.0.0.tgz"
  integrity sha1-UOIcGwqjdyn5N33vGWtanOyTLuk=
  dependencies:
    ansicolors "~0.2.1"
    redeyed "~1.0.0"

chalk@^1.1.3:
  version "1.1.3"
  resolved "https://registry.npmjs.org/chalk/-/chalk-1.1.3.tgz"
  integrity sha1-qBFcVeSnAv5NFQq9OHKCKn4J/Jg=
  dependencies:
    ansi-styles "^2.2.1"
    escape-string-regexp "^1.0.2"
    has-ansi "^2.0.0"
    strip-ansi "^3.0.0"
    supports-color "^2.0.0"

cli-table@^0.3.1:
  version "0.3.1"
  resolved "https://registry.npmjs.org/cli-table/-/cli-table-0.3.1.tgz"
  integrity sha1-9TsFJmqLGguTSz0IIebi3FkUriM=
  dependencies:
    colors "1.0.3"

cli-usage@^0.1.1:
  version "0.1.7"
  resolved "https://registry.npmjs.org/cli-usage/-/cli-usage-0.1.7.tgz"
  integrity sha512-x/Q52iLSZsRrRb2ePmTsVYXrGcrPQ8G4yRAY7QpMlumxAfPVrnDOH2X6Z5s8qsAX7AA7YuIi8AXFrvH0wWEesA==
  dependencies:
    marked "^0.3.12"
    marked-terminal "^2.0.0"

co@^4.6.0:
  version "4.6.0"
  resolved "https://registry.npmjs.org/co/-/co-4.6.0.tgz"
  integrity sha1-bqa989hTrlTMuOR7+gvz+QMfsYQ=

colors@1.0.3:
  version "1.0.3"
  resolved "https://registry.npmjs.org/colors/-/colors-1.0.3.tgz"
  integrity sha1-BDP0TYCWgP3rYO0mDxsMJi6CpAs=

combined-stream@1.0.6:
  version "1.0.6"
  resolved "https://registry.npmjs.org/combined-stream/-/combined-stream-1.0.6.tgz"
  integrity sha1-cj599ugBrFYTETp+RFqbactjKBg=
  dependencies:
    delayed-stream "~1.0.0"

commander@2.11.0:
  version "2.11.0"
  resolved "https://registry.npmjs.org/commander/-/commander-2.11.0.tgz"
  integrity sha512-b0553uYA5YAEGgyYIGYROzKQ7X5RAqedkfjiZxwi0kL1g3bOaBNNZfYkzt/CL0umgD5wc9Jec2FbB98CjkMRvQ==

commander@2.5.0:
  version "2.5.0"
  resolved "https://registry.npmjs.org/commander/-/commander-2.5.0.tgz"
  integrity sha1-13e2pNhH1CPl1HXahkKUrB/1qp0=

component-emitter@^1.2.0:
  version "1.2.1"
  resolved "https://registry.npmjs.org/component-emitter/-/component-emitter-1.2.1.tgz"
  integrity sha1-E3kY1teCg/ffemt8WmPhQOaUJeY=

concat-map@0.0.1:
  version "0.0.1"
  resolved "https://registry.npmjs.org/concat-map/-/concat-map-0.0.1.tgz"
  integrity sha1-2Klr13/Wjfd5OnMDajug1UBdR3s=

content-disposition@~0.5.0:
  version "0.5.2"
  resolved "https://registry.npmjs.org/content-disposition/-/content-disposition-0.5.2.tgz"
  integrity sha1-DPaLud318r55YcOoUXjLhdunjLQ=

content-type@^1.0.0:
  version "1.0.4"
  resolved "https://registry.npmjs.org/content-type/-/content-type-1.0.4.tgz"
  integrity sha512-hIP3EEPs8tB9AT1L+NUqtwOAps4mk2Zob89MWXMHjHWg9milF/j4osnnQLXBCBFBk/tvIG/tUc9mOUJiPBhPXA==

cookiejar@^2.1.0:
  version "2.1.1"
  resolved "https://registry.npmjs.org/cookiejar/-/cookiejar-2.1.1.tgz"
  integrity sha1-Qa1XsbVVlR7BcUEqgZQrHoIA00o=

cookies@~0.7.0:
  version "0.7.1"
  resolved "https://registry.npmjs.org/cookies/-/cookies-0.7.1.tgz"
  integrity sha1-fIphX1SBxhq58WyDNzG8uPZjuZs=
  dependencies:
    depd "~1.1.1"
    keygrip "~1.0.2"

core-util-is@~1.0.0:
  version "1.0.2"
  resolved "https://registry.npmjs.org/core-util-is/-/core-util-is-1.0.2.tgz"
  integrity sha1-tf1UIgqivFq1eqtxQMlAdUUDwac=

currently-unhandled@^0.4.1:
  version "0.4.1"
  resolved "https://registry.npmjs.org/currently-unhandled/-/currently-unhandled-0.4.1.tgz"
  integrity sha1-mI3zP+qxke95mmE2nddsF635V+o=
  dependencies:
    array-find-index "^1.0.1"

dateformat@~1.0.4-1.2.3:
  version "1.0.12"
  resolved "https://registry.npmjs.org/dateformat/-/dateformat-1.0.12.tgz"
  integrity sha1-nxJLZ1lMk3/3BpMuSmQsyo27/uk=
  dependencies:
    get-stdin "^4.0.1"
    meow "^3.3.0"

debounce@^1.0.0:
  version "1.1.0"
  resolved "https://registry.npmjs.org/debounce/-/debounce-1.1.0.tgz"
  integrity sha512-ZQVKfRVlwRfD150ndzEK8M90ABT+Y/JQKs4Y7U4MXdpuoUkkrr4DwKbVux3YjylA5bUMUj0Nc3pMxPJX6N2QQQ==

debug@*, debug@3.1.0, debug@^3.1.0:
  version "3.1.0"
  resolved "https://registry.npmjs.org/debug/-/debug-3.1.0.tgz"
  integrity sha512-OX8XqP7/1a9cqkxYw2yXss15f26NKWBpDXQd0/uK/KPqdQhxbPa994hnzjcE2VqQpDslf55723cKPUOGSmMY3g==
  dependencies:
    ms "2.0.0"

decamelize@^1.1.2:
  version "1.2.0"
  resolved "https://registry.npmjs.org/decamelize/-/decamelize-1.2.0.tgz"
  integrity sha1-9lNNFRSCabIDUue+4m9QH5oZEpA=

deep-equal@~1.0.1:
  version "1.0.1"
  resolved "https://registry.npmjs.org/deep-equal/-/deep-equal-1.0.1.tgz"
  integrity sha1-9dJgKStmDghO/0zbyfCK0yR0SLU=

delayed-stream@~1.0.0:
  version "1.0.0"
  resolved "https://registry.npmjs.org/delayed-stream/-/delayed-stream-1.0.0.tgz"
  integrity sha1-3zrhmayt+31ECqrgsp4icrJOxhk=

delegates@^1.0.0:
  version "1.0.0"
  resolved "https://registry.npmjs.org/delegates/-/delegates-1.0.0.tgz"
  integrity sha1-hMbhWbgZBP3KWaDvRM2HDTElD5o=

depd@^1.1.0, depd@~1.1.1, depd@~1.1.2:
  version "1.1.2"
  resolved "https://registry.npmjs.org/depd/-/depd-1.1.2.tgz"
  integrity sha1-m81S4UwJd2PnSbJ0xDRu0uVgtak=

destroy@^1.0.3:
  version "1.0.4"
  resolved "https://registry.npmjs.org/destroy/-/destroy-1.0.4.tgz"
  integrity sha1-l4hXRCxEdJ5CBmE+N5RiBYJqvYA=

diff@3.5.0:
  version "3.5.0"
  resolved "https://registry.npmjs.org/diff/-/diff-3.5.0.tgz"
  integrity sha512-A46qtFgd+g7pDZinpnwiRJtxbC1hpgf0uzP3iG89scHk0AUC7A1TGxf5OiiOUv/JMZR8GOt8hL900hV0bOy5xA==

dynamic-dedupe@^0.2.0:
  version "0.2.0"
  resolved "https://registry.npmjs.org/dynamic-dedupe/-/dynamic-dedupe-0.2.0.tgz"
  integrity sha1-UPfChoSDHs8cFwqrZ6HVMRzdds4=
  dependencies:
    xtend "~2.0.6"

ee-first@1.1.1:
  version "1.1.1"
  resolved "https://registry.npmjs.org/ee-first/-/ee-first-1.1.1.tgz"
  integrity sha1-WQxhFWsK4vTwJVcyoViyZrxWsh0=

end-of-stream@^1.1.0:
  version "1.4.1"
  resolved "https://registry.npmjs.org/end-of-stream/-/end-of-stream-1.4.1.tgz"
  integrity sha512-1MkrZNvWTKCaigbn+W15elq2BB/L22nqrSY5DKlo3X6+vclJm8Bb5djXJBmEX6fS3+zCh/F4VBK5Z2KxJt4s2Q==
  dependencies:
    once "^1.4.0"

error-ex@^1.2.0:
  version "1.3.1"
  resolved "https://registry.npmjs.org/error-ex/-/error-ex-1.3.1.tgz"
  integrity sha1-+FWobOYa3E6GIcPNoh56dhLDqNw=
  dependencies:
    is-arrayish "^0.2.1"

error-inject@~1.0.0:
  version "1.0.0"
  resolved "https://registry.npmjs.org/error-inject/-/error-inject-1.0.0.tgz"
  integrity sha1-4rPZG1Su1nLzCdlQ0VSFD6EdTzc=

error-stack-parser@1.3.6:
  version "1.3.6"
  resolved "https://registry.npmjs.org/error-stack-parser/-/error-stack-parser-1.3.6.tgz"
  integrity sha1-4Oc7k+QXE40c18C3RrGkoUhUwpI=
  dependencies:
    stackframe "^0.3.1"

escape-html@~1.0.1:
  version "1.0.3"
  resolved "https://registry.npmjs.org/escape-html/-/escape-html-1.0.3.tgz"
  integrity sha1-Aljq5NPQwJdN4cFpGI7wBR0dGYg=

escape-string-regexp@1.0.5, escape-string-regexp@^1.0.2:
  version "1.0.5"
  resolved "https://registry.npmjs.org/escape-string-regexp/-/escape-string-regexp-1.0.5.tgz"
  integrity sha1-G2HAViGQqN/2rjuyzwIAyhMLhtQ=

esm@3.0.34:
  version "3.0.34"
  resolved "https://registry.npmjs.org/esm/-/esm-3.0.34.tgz"
  integrity sha512-napl1sk7uu4ULhGVWVGIleN2G1TpURvfq5+ALLSc1V4jXcbftCtV8RIOkHw46UnLtzw3xIZgMES39f6N75JhtA==

esprima@~3.0.0:
  version "3.0.0"
  resolved "https://registry.npmjs.org/esprima/-/esprima-3.0.0.tgz"
  integrity sha1-U88kes2ncxPlUcOqLnM0LT+099k=

extend@^3.0.0:
  version "3.0.1"
  resolved "https://registry.npmjs.org/extend/-/extend-3.0.1.tgz"
  integrity sha1-p1Xqe8Gt/MWjHOfnYtuq3F5jZEQ=

filewatcher@~3.0.0:
  version "3.0.1"
  resolved "https://registry.npmjs.org/filewatcher/-/filewatcher-3.0.1.tgz"
  integrity sha1-9KGVc1Xdr0Q8zXiolfPVXiPIoDQ=
  dependencies:
    debounce "^1.0.0"

find-up@^1.0.0:
  version "1.1.2"
  resolved "https://registry.npmjs.org/find-up/-/find-up-1.1.2.tgz"
  integrity sha1-ay6YIrGizgpgq2TWEOzK1TyyTQ8=
  dependencies:
    path-exists "^2.0.0"
    pinkie-promise "^2.0.0"

foreach@~2.0.1:
  version "2.0.5"
  resolved "https://registry.npmjs.org/foreach/-/foreach-2.0.5.tgz"
  integrity sha1-C+4AUBiusmDQo6865ljdATbsG5k=

form-data@^2.3.1:
  version "2.3.2"
  resolved "https://registry.npmjs.org/form-data/-/form-data-2.3.2.tgz"
  integrity sha1-SXBJi+YEwgwAXU9cI67NIda0kJk=
  dependencies:
    asynckit "^0.4.0"
    combined-stream "1.0.6"
    mime-types "^2.1.12"

formidable@^1.1.1:
  version "1.2.1"
  resolved "https://registry.npmjs.org/formidable/-/formidable-1.2.1.tgz"
  integrity sha512-Fs9VRguL0gqGHkXS5GQiMCr1VhZBxz0JnJs4JmMp/2jL18Fmbzvv7vOFRU+U8TBkHEE/CX1qDXzJplVULgsLeg==

fresh@^0.5.2:
  version "0.5.2"
  resolved "https://registry.npmjs.org/fresh/-/fresh-0.5.2.tgz"
  integrity sha1-PYyt2Q2XZWn6g1qx+OSyOhBWBac=

fs.realpath@^1.0.0:
  version "1.0.0"
  resolved "https://registry.npmjs.org/fs.realpath/-/fs.realpath-1.0.0.tgz"
  integrity sha1-FQStJSMVjKpA20onh8sBQRmU6k8=

get-stdin@^4.0.1:
  version "4.0.1"
  resolved "https://registry.npmjs.org/get-stdin/-/get-stdin-4.0.1.tgz"
  integrity sha1-uWjGsKBDhDJJAui/Gl3zJXmkUP4=

glob@7.1.2:
  version "7.1.2"
  resolved "https://registry.npmjs.org/glob/-/glob-7.1.2.tgz"
  integrity sha512-MJTUg1kjuLeQCJ+ccE4Vpa6kKVXkPYJ2mOCQyUuKLcLQsdrMCpBPUi8qVE6+YuaJkozeA9NusTAw3hLr8Xe5EQ==
  dependencies:
    fs.realpath "^1.0.0"
    inflight "^1.0.4"
    inherits "2"
    minimatch "^3.0.4"
    once "^1.3.0"
    path-is-absolute "^1.0.0"

graceful-fs@^4.1.2:
  version "4.1.11"
  resolved "https://registry.npmjs.org/graceful-fs/-/graceful-fs-4.1.11.tgz"
  integrity sha1-Dovf5NHduIVNZOBOp8AOKgJuVlg=

growl@1.10.3:
  version "1.10.3"
  resolved "https://registry.npmjs.org/growl/-/growl-1.10.3.tgz"
  integrity sha512-hKlsbA5Vu3xsh1Cg3J7jSmX/WaW6A5oBeqzM88oNbCRQFz+zUaXm6yxS4RVytp1scBoJzSYl4YAEOQIt6O8V1Q==

growly@^1.2.0:
  version "1.3.0"
  resolved "https://registry.npmjs.org/growly/-/growly-1.3.0.tgz"
  integrity sha1-8QdIy+dq+WS3yWyTxrzCivEgwIE=

has-ansi@^2.0.0:
  version "2.0.0"
  resolved "https://registry.npmjs.org/has-ansi/-/has-ansi-2.0.0.tgz"
  integrity sha1-NPUEnOHs3ysGSa8+8k5F7TVBbZE=
  dependencies:
    ansi-regex "^2.0.0"

has-flag@^2.0.0:
  version "2.0.0"
  resolved "https://registry.npmjs.org/has-flag/-/has-flag-2.0.0.tgz"
  integrity sha1-6CB68cx7MNRGzHC3NLXovhj4jVE=

he@1.1.1:
  version "1.1.1"
  resolved "https://registry.npmjs.org/he/-/he-1.1.1.tgz"
  integrity sha1-k0EP0hsAlzUVH4howvJx80J+I/0=

hosted-git-info@^2.1.4:
  version "2.6.0"
  resolved "https://registry.npmjs.org/hosted-git-info/-/hosted-git-info-2.6.0.tgz"
  integrity sha512-lIbgIIQA3lz5XaB6vxakj6sDHADJiZadYEJB+FgA+C4nubM1NwcuvUr9EJPmnH1skZqpqUzWborWo8EIUi0Sdw==

http-assert@^1.1.0:
  version "1.3.0"
  resolved "https://registry.npmjs.org/http-assert/-/http-assert-1.3.0.tgz"
  integrity sha1-oxpc+IyHPsu1eWkH1NbxMujAHko=
  dependencies:
    deep-equal "~1.0.1"
    http-errors "~1.6.1"

http-errors@^1.2.8, http-errors@^1.3.1, http-errors@~1.6.1:
  version "1.6.3"
  resolved "https://registry.npmjs.org/http-errors/-/http-errors-1.6.3.tgz"
  integrity sha1-i1VoC7S+KDoLW/TqLjhYC+HZMg0=
  dependencies:
    depd "~1.1.2"
    inherits "2.0.3"
    setprototypeof "1.1.0"
    statuses ">= 1.4.0 < 2"

human-readable-ids@1.0.3:
  version "1.0.3"
  resolved "https://registry.npmjs.org/human-readable-ids/-/human-readable-ids-1.0.3.tgz"
  integrity sha1-yMbG6VCFzLZoCHt912eDTibKJtQ=
  dependencies:
    knuth-shuffle "^1.0.0"

indent-string@^2.1.0:
  version "2.1.0"
  resolved "https://registry.npmjs.org/indent-string/-/indent-string-2.1.0.tgz"
  integrity sha1-ji1INIdCEhtKghi3oTfppSBJ3IA=
  dependencies:
    repeating "^2.0.0"

indexof@~0.0.1:
  version "0.0.1"
  resolved "https://registry.npmjs.org/indexof/-/indexof-0.0.1.tgz"
  integrity sha1-gtwzbSMrkGIXnQWrMpOmYFn9Q10=

inflight@^1.0.4:
  version "1.0.6"
  resolved "https://registry.npmjs.org/inflight/-/inflight-1.0.6.tgz"
  integrity sha1-Sb1jMdfQLQwJvJEKEHW6gWW1bfk=
  dependencies:
    once "^1.3.0"
    wrappy "1"

inherits@2, inherits@2.0.3, inherits@~2.0.3:
  version "2.0.3"
  resolved "https://registry.npmjs.org/inherits/-/inherits-2.0.3.tgz"
  integrity sha1-Yzwsg+PaQqUC9SRmAiSA9CCCYd4=

is-arrayish@^0.2.1:
  version "0.2.1"
  resolved "https://registry.npmjs.org/is-arrayish/-/is-arrayish-0.2.1.tgz"
  integrity sha1-d8mYQFJ6qOyxqLppe4BkWnqSap0=

is-builtin-module@^1.0.0:
  version "1.0.0"
  resolved "https://registry.npmjs.org/is-builtin-module/-/is-builtin-module-1.0.0.tgz"
  integrity sha1-VAVy0096wxGfj3bDDLwbHgN6/74=
  dependencies:
    builtin-modules "^1.0.0"

is-finite@^1.0.0:
  version "1.0.2"
  resolved "https://registry.npmjs.org/is-finite/-/is-finite-1.0.2.tgz"
  integrity sha1-zGZ3aVYCvlUO8R6LSqYwU0K20Ko=
  dependencies:
    number-is-nan "^1.0.0"

is-generator-function@^1.0.3:
  version "1.0.7"
  resolved "https://registry.npmjs.org/is-generator-function/-/is-generator-function-1.0.7.tgz"
  integrity sha512-YZc5EwyO4f2kWCax7oegfuSr9mFz1ZvieNYBEjmukLxgXfBUbxAWGVF7GZf0zidYtoBl3WvC07YK0wT76a+Rtw==

is-object@~0.1.2:
  version "0.1.2"
  resolved "https://registry.npmjs.org/is-object/-/is-object-0.1.2.tgz"
  integrity sha1-AO+8CIFsM8/ErIJR0TLhDcZQmNc=

is-utf8@^0.2.0:
  version "0.2.1"
  resolved "https://registry.npmjs.org/is-utf8/-/is-utf8-0.2.1.tgz"
  integrity sha1-Sw2hRCEE0bM2NA6AeX6GXPOffXI=

is@~0.2.6:
  version "0.2.7"
  resolved "https://registry.npmjs.org/is/-/is-0.2.7.tgz"
  integrity sha1-OzSixI81mXLzUEKEkZOucmS2NWI=

isarray@0.0.1:
  version "0.0.1"
  resolved "https://registry.npmjs.org/isarray/-/isarray-0.0.1.tgz"
  integrity sha1-ihis/Kmo9Bd+Cav8YDiTmwXR7t8=

isarray@~1.0.0:
  version "1.0.0"
  resolved "https://registry.npmjs.org/isarray/-/isarray-1.0.0.tgz"
  integrity sha1-u5NdSFgsuhaMBoNJV6VKPgcSTxE=

isexe@^2.0.0:
  version "2.0.0"
  resolved "https://registry.npmjs.org/isexe/-/isexe-2.0.0.tgz"
  integrity sha1-6PvzdNxVb/iUehDcsFctYz8s+hA=

keygrip@~1.0.2:
  version "1.0.2"
  resolved "https://registry.npmjs.org/keygrip/-/keygrip-1.0.2.tgz"
  integrity sha1-rTKXxVcGneqLz+ek+kkbdcXd65E=

knuth-shuffle@^1.0.0:
  version "1.0.8"
  resolved "https://registry.npmjs.org/knuth-shuffle/-/knuth-shuffle-1.0.8.tgz"
  integrity sha512-IdC4Hpp+mx53zTt6VAGsAtbGM0g4BV9fP8tTcviCosSwocHcRDw9uG5Rnv6wLWckF4r72qeXFoK9NkvV1gUJCQ==

koa-compose@^3.0.0:
  version "3.2.1"
  resolved "https://registry.npmjs.org/koa-compose/-/koa-compose-3.2.1.tgz"
  integrity sha1-qFzLQLfZhtjlo0Wzoazo6rz1Tec=
  dependencies:
    any-promise "^1.1.0"

koa-compose@^4.0.0:
  version "4.0.0"
  resolved "https://registry.npmjs.org/koa-compose/-/koa-compose-4.0.0.tgz"
  integrity sha1-KAClE9nDYe8NY4UrA45Pby1adzw=

koa-convert@^1.2.0:
  version "1.2.0"
  resolved "https://registry.npmjs.org/koa-convert/-/koa-convert-1.2.0.tgz"
  integrity sha1-2kCHXfSd4FOQmNFwC1CCDOvNIdA=
  dependencies:
    co "^4.6.0"
    koa-compose "^3.0.0"

koa-is-json@^1.0.0:
  version "1.0.0"
  resolved "https://registry.npmjs.org/koa-is-json/-/koa-is-json-1.0.0.tgz"
  integrity sha1-JzwH7c3Ljfaiwat9We52SRRR7BQ=

koa-router@7.4.0:
  version "7.4.0"
  resolved "https://registry.npmjs.org/koa-router/-/koa-router-7.4.0.tgz"
  integrity sha512-IWhaDXeAnfDBEpWS6hkGdZ1ablgr6Q6pGdXCyK38RbzuH4LkUOpPqPw+3f8l8aTDrQmBQ7xJc0bs2yV4dzcO+g==
  dependencies:
    debug "^3.1.0"
    http-errors "^1.3.1"
    koa-compose "^3.0.0"
    methods "^1.0.1"
    path-to-regexp "^1.1.1"
    urijs "^1.19.0"

koa@2.5.1:
  version "2.5.1"
  resolved "https://registry.npmjs.org/koa/-/koa-2.5.1.tgz"
  integrity sha512-cchwbMeG2dv3E2xTAmheDAuvR53tPgJZN/Hf1h7bTzJLSPcFZp8/t5+bNKJ6GaQZoydhZQ+1GNruhKdj3lIrug==
  dependencies:
    accepts "^1.2.2"
    content-disposition "~0.5.0"
    content-type "^1.0.0"
    cookies "~0.7.0"
    debug "*"
    delegates "^1.0.0"
    depd "^1.1.0"
    destroy "^1.0.3"
    error-inject "~1.0.0"
    escape-html "~1.0.1"
    fresh "^0.5.2"
    http-assert "^1.1.0"
    http-errors "^1.2.8"
    is-generator-function "^1.0.3"
    koa-compose "^4.0.0"
    koa-convert "^1.2.0"
    koa-is-json "^1.0.0"
    mime-types "^2.0.7"
    on-finished "^2.1.0"
    only "0.0.2"
    parseurl "^1.3.0"
    statuses "^1.2.0"
    type-is "^1.5.5"
    vary "^1.0.0"

load-json-file@^1.0.0:
  version "1.1.0"
  resolved "https://registry.npmjs.org/load-json-file/-/load-json-file-1.1.0.tgz"
  integrity sha1-lWkFcI1YtLq0wiYbBPWfMcmTdMA=
  dependencies:
    graceful-fs "^4.1.2"
    parse-json "^2.2.0"
    pify "^2.0.0"
    pinkie-promise "^2.0.0"
    strip-bom "^2.0.0"

localenv@0.2.2:
  version "0.2.2"
  resolved "https://registry.npmjs.org/localenv/-/localenv-0.2.2.tgz"
  integrity sha1-xQjynTSFvck0HT6tF/YcWr0bC6s=
  dependencies:
    commander "2.5.0"

lodash._arraycopy@^3.0.0:
  version "3.0.0"
  resolved "https://registry.npmjs.org/lodash._arraycopy/-/lodash._arraycopy-3.0.0.tgz"
  integrity sha1-due3wfH7klRzdIeKVi7Qaj5Q9uE=

lodash._arrayeach@^3.0.0:
  version "3.0.0"
  resolved "https://registry.npmjs.org/lodash._arrayeach/-/lodash._arrayeach-3.0.0.tgz"
  integrity sha1-urFWsqkNPxu9XGU0AzSeXlkz754=

lodash._baseassign@^3.0.0:
  version "3.2.0"
  resolved "https://registry.npmjs.org/lodash._baseassign/-/lodash._baseassign-3.2.0.tgz"
  integrity sha1-jDigmVAPIVrQnlnxci/QxSv+Ck4=
  dependencies:
    lodash._basecopy "^3.0.0"
    lodash.keys "^3.0.0"

lodash._baseclone@^3.0.0:
  version "3.3.0"
  resolved "https://registry.npmjs.org/lodash._baseclone/-/lodash._baseclone-3.3.0.tgz"
  integrity sha1-MDUZv2OT/n5C802LYw73eU41Qrc=
  dependencies:
    lodash._arraycopy "^3.0.0"
    lodash._arrayeach "^3.0.0"
    lodash._baseassign "^3.0.0"
    lodash._basefor "^3.0.0"
    lodash.isarray "^3.0.0"
    lodash.keys "^3.0.0"

lodash._basecopy@^3.0.0:
  version "3.0.1"
  resolved "https://registry.npmjs.org/lodash._basecopy/-/lodash._basecopy-3.0.1.tgz"
  integrity sha1-jaDmqHbPNEwK2KVIghEd08XHyjY=

lodash._basefor@^3.0.0:
  version "3.0.3"
  resolved "https://registry.npmjs.org/lodash._basefor/-/lodash._basefor-3.0.3.tgz"
  integrity sha1-dVC06SGO8J+tJDQ7YSAhx5tMIMI=

lodash._bindcallback@^3.0.0:
  version "3.0.1"
  resolved "https://registry.npmjs.org/lodash._bindcallback/-/lodash._bindcallback-3.0.1.tgz"
  integrity sha1-5THCdkTPi1epnhftlbNcdIeJOS4=

lodash._getnative@^3.0.0:
  version "3.9.1"
  resolved "https://registry.npmjs.org/lodash._getnative/-/lodash._getnative-3.9.1.tgz"
  integrity sha1-VwvH3t5G1hzc3mh9ZdPuy6o6r/U=

lodash.assign@^4.2.0:
  version "4.2.0"
  resolved "https://registry.npmjs.org/lodash.assign/-/lodash.assign-4.2.0.tgz"
  integrity sha1-DZnzzNem0mHRm9rrkkUAXShYCOc=

lodash.clonedeep@^3.0.0:
  version "3.0.2"
  resolved "https://registry.npmjs.org/lodash.clonedeep/-/lodash.clonedeep-3.0.2.tgz"
  integrity sha1-oKHkDYKl6on/WxR7hETtY9koJ9s=
  dependencies:
    lodash._baseclone "^3.0.0"
    lodash._bindcallback "^3.0.0"

lodash.isarguments@^3.0.0:
  version "3.1.0"
  resolved "https://registry.npmjs.org/lodash.isarguments/-/lodash.isarguments-3.1.0.tgz"
  integrity sha1-L1c9hcaiQon/AGY7SRwdM4/zRYo=

lodash.isarray@^3.0.0:
  version "3.0.4"
  resolved "https://registry.npmjs.org/lodash.isarray/-/lodash.isarray-3.0.4.tgz"
  integrity sha1-eeTriMNqgSKvhvhEqpvNhRtfu1U=

lodash.keys@^3.0.0:
  version "3.1.2"
  resolved "https://registry.npmjs.org/lodash.keys/-/lodash.keys-3.1.2.tgz"
  integrity sha1-TbwEcrFWvlCgsoaFXRvQsMZWCYo=
  dependencies:
    lodash._getnative "^3.0.0"
    lodash.isarguments "^3.0.0"
    lodash.isarray "^3.0.0"

lodash.toarray@^4.4.0:
  version "4.4.0"
  resolved "https://registry.npmjs.org/lodash.toarray/-/lodash.toarray-4.4.0.tgz"
  integrity sha1-JMS/zWsvuji/0FlNsRedjptlZWE=

loud-rejection@^1.0.0:
  version "1.6.0"
  resolved "https://registry.npmjs.org/loud-rejection/-/loud-rejection-1.6.0.tgz"
  integrity sha1-W0b4AUft7leIcPCG0Eghz5mOVR8=
  dependencies:
    currently-unhandled "^0.4.1"
    signal-exit "^3.0.0"

map-obj@^1.0.0, map-obj@^1.0.1:
  version "1.0.1"
  resolved "https://registry.npmjs.org/map-obj/-/map-obj-1.0.1.tgz"
  integrity sha1-2TPOuSBdgr3PSIb2dCvcK03qFG0=

marked-terminal@^2.0.0:
  version "2.0.0"
  resolved "https://registry.npmjs.org/marked-terminal/-/marked-terminal-2.0.0.tgz"
  integrity sha1-Xq9Wi+ZvaGVBr6UqVYKAMQox3i0=
  dependencies:
    cardinal "^1.0.0"
    chalk "^1.1.3"
    cli-table "^0.3.1"
    lodash.assign "^4.2.0"
    node-emoji "^1.4.1"

marked@^0.3.12:
  version "0.3.19"
  resolved "https://registry.npmjs.org/marked/-/marked-0.3.19.tgz"
  integrity sha512-ea2eGWOqNxPcXv8dyERdSr/6FmzvWwzjMxpfGB/sbMccXoct+xY+YukPD+QTUZwyvK7BZwcr4m21WBOW41pAkg==

media-typer@0.3.0:
  version "0.3.0"
  resolved "https://registry.npmjs.org/media-typer/-/media-typer-0.3.0.tgz"
  integrity sha1-hxDXrwqmJvj/+hzgAWhUUmMlV0g=

meow@^3.3.0:
  version "3.7.0"
  resolved "https://registry.npmjs.org/meow/-/meow-3.7.0.tgz"
  integrity sha1-cstmi0JSKCkKu/qFaJJYcwioAfs=
  dependencies:
    camelcase-keys "^2.0.0"
    decamelize "^1.1.2"
    loud-rejection "^1.0.0"
    map-obj "^1.0.1"
    minimist "^1.1.3"
    normalize-package-data "^2.3.4"
    object-assign "^4.0.1"
    read-pkg-up "^1.0.1"
    redent "^1.0.0"
    trim-newlines "^1.0.0"

methods@^1.0.1, methods@^1.1.1, methods@~1.1.2:
  version "1.1.2"
  resolved "https://registry.npmjs.org/methods/-/methods-1.1.2.tgz"
  integrity sha1-VSmk1nZUE07cxSZmVoNbD4Ua/O4=

mime-db@~1.33.0:
  version "1.33.0"
  resolved "https://registry.npmjs.org/mime-db/-/mime-db-1.33.0.tgz"
  integrity sha512-BHJ/EKruNIqJf/QahvxwQZXKygOQ256myeN/Ew+THcAa5q+PjyTTMMeNQC4DZw5AwfvelsUrA6B67NKMqXDbzQ==

mime-types@^2.0.7, mime-types@^2.1.12, mime-types@~2.1.18:
  version "2.1.18"
  resolved "https://registry.npmjs.org/mime-types/-/mime-types-2.1.18.tgz"
  integrity sha512-lc/aahn+t4/SWV/qcmumYjymLsWfN3ELhpmVuUFjgsORruuZPVSwAQryq+HHGvO/SI2KVX26bx+En+zhM8g8hQ==
  dependencies:
    mime-db "~1.33.0"

mime@^1.4.1:
  version "1.6.0"
  resolved "https://registry.npmjs.org/mime/-/mime-1.6.0.tgz"
  integrity sha512-x0Vn8spI+wuJ1O6S7gnbaQg8Pxh4NNHb7KSINmEWKiPE4RKOplvijn+NkmYmmRgP68mc70j2EbeTFRsrswaQeg==

minimatch@3.0.4, minimatch@^3.0.4:
  version "3.0.4"
  resolved "https://registry.npmjs.org/minimatch/-/minimatch-3.0.4.tgz"
  integrity sha512-yJHVQEhyqPLUTgt9B83PXu6W3rx4MvvHvSUvToogpwoGDOUQ+yDrR0HRot+yOCdCO7u4hX3pWft6kWBBcqh0UA==
  dependencies:
    brace-expansion "^1.1.7"

minimist@0.0.8, minimist@~0.0.1:
  version "0.0.8"
  resolved "https://registry.npmjs.org/minimist/-/minimist-0.0.8.tgz"
  integrity sha1-hX/Kv8M5fSYluCKCYuhqp6ARsF0=

minimist@^1.1.1, minimist@^1.1.3:
  version "1.2.0"
  resolved "https://registry.npmjs.org/minimist/-/minimist-1.2.0.tgz"
  integrity sha1-o1AIsg9BOD7sH7kU9M1d95omQoQ=

mkdirp@0.5.1:
  version "0.5.1"
  resolved "https://registry.npmjs.org/mkdirp/-/mkdirp-0.5.1.tgz"
  integrity sha1-MAV0OOrGz3+MR2fzhkjWaX11yQM=
  dependencies:
    minimist "0.0.8"

mocha@5.1.1:
  version "5.1.1"
  resolved "https://registry.npmjs.org/mocha/-/mocha-5.1.1.tgz"
  integrity sha512-kKKs/H1KrMMQIEsWNxGmb4/BGsmj0dkeyotEvbrAuQ01FcWRLssUNXCEUZk6SZtyJBi6EE7SL0zDDtItw1rGhw==
  dependencies:
    browser-stdout "1.3.1"
    commander "2.11.0"
    debug "3.1.0"
    diff "3.5.0"
    escape-string-regexp "1.0.5"
    glob "7.1.2"
    growl "1.10.3"
    he "1.1.1"
    minimatch "3.0.4"
    mkdirp "0.5.1"
    supports-color "4.4.0"

ms@2.0.0:
  version "2.0.0"
  resolved "https://registry.npmjs.org/ms/-/ms-2.0.0.tgz"
  integrity sha1-VgiurfwAvmwpAd9fmGF4jeDVl8g=

negotiator@0.6.1:
  version "0.6.1"
  resolved "https://registry.npmjs.org/negotiator/-/negotiator-0.6.1.tgz"
  integrity sha1-KzJxhOiZIQEXeyhWP7XnECrNDKk=

node-dev@3.1.3:
  version "3.1.3"
  resolved "https://registry.npmjs.org/node-dev/-/node-dev-3.1.3.tgz"
  integrity sha1-WCcZIj69711jBZ5qf7zSOZ/A+E0=
  dependencies:
    dateformat "~1.0.4-1.2.3"
    dynamic-dedupe "^0.2.0"
    filewatcher "~3.0.0"
    minimist "^1.1.3"
    node-notifier "^4.0.2"
    resolve "^1.0.0"

node-emoji@^1.4.1:
  version "1.8.1"
  resolved "https://registry.npmjs.org/node-emoji/-/node-emoji-1.8.1.tgz"
  integrity sha512-+ktMAh1Jwas+TnGodfCfjUbJKoANqPaJFN0z0iqh41eqD8dvguNzcitVSBSVK1pidz0AqGbLKcoVuVLRVZ/aVg==
  dependencies:
    lodash.toarray "^4.4.0"

node-notifier@^4.0.2:
  version "4.6.1"
  resolved "https://registry.npmjs.org/node-notifier/-/node-notifier-4.6.1.tgz"
  integrity sha1-BW0UJE89zBzq3+aK+c/wxUc6M/M=
  dependencies:
    cli-usage "^0.1.1"
    growly "^1.2.0"
    lodash.clonedeep "^3.0.0"
    minimist "^1.1.1"
    semver "^5.1.0"
    shellwords "^0.1.0"
    which "^1.0.5"

normalize-package-data@^2.3.2, normalize-package-data@^2.3.4:
  version "2.4.0"
  resolved "https://registry.npmjs.org/normalize-package-data/-/normalize-package-data-2.4.0.tgz"
  integrity sha512-9jjUFbTPfEy3R/ad/2oNbKtW9Hgovl5O1FvFWKkKblNXoN/Oou6+9+KKohPK13Yc3/TyunyWhJp6gvRNR/PPAw==
  dependencies:
    hosted-git-info "^2.1.4"
    is-builtin-module "^1.0.0"
    semver "2 || 3 || 4 || 5"
    validate-npm-package-license "^3.0.1"

number-is-nan@^1.0.0:
  version "1.0.1"
  resolved "https://registry.npmjs.org/number-is-nan/-/number-is-nan-1.0.1.tgz"
  integrity sha1-CXtgK1NCKlIsGvuHkDGDNpQaAR0=

object-assign@^4.0.1:
  version "4.1.1"
  resolved "https://registry.npmjs.org/object-assign/-/object-assign-4.1.1.tgz"
  integrity sha1-IQmtx5ZYh8/AXLvUQsrIv7s2CGM=

object-keys@~0.2.0:
  version "0.2.0"
  resolved "https://registry.npmjs.org/object-keys/-/object-keys-0.2.0.tgz"
  integrity sha1-zd7AKZiwkb5CvxA1rjLknxy26mc=
  dependencies:
    foreach "~2.0.1"
    indexof "~0.0.1"
    is "~0.2.6"

on-finished@^2.1.0:
  version "2.3.0"
  resolved "https://registry.npmjs.org/on-finished/-/on-finished-2.3.0.tgz"
  integrity sha1-IPEzZIGwg811M3mSoWlxqi2QaUc=
  dependencies:
    ee-first "1.1.1"

once@^1.3.0, once@^1.3.1, once@^1.4.0:
  version "1.4.0"
  resolved "https://registry.npmjs.org/once/-/once-1.4.0.tgz"
  integrity sha1-WDsap3WWHUsROsF9nFC6753Xa9E=
  dependencies:
    wrappy "1"

only@0.0.2:
  version "0.0.2"
  resolved "https://registry.npmjs.org/only/-/only-0.0.2.tgz"
  integrity sha1-Kv3oTQPlC5qO3EROMGEKcCle37Q=

optimist@0.6.1:
  version "0.6.1"
  resolved "https://registry.npmjs.org/optimist/-/optimist-0.6.1.tgz"
  integrity sha1-2j6nRob6IaGaERwybpDrFaAZZoY=
  dependencies:
    minimist "~0.0.1"
    wordwrap "~0.0.2"

parse-json@^2.2.0:
  version "2.2.0"
  resolved "https://registry.npmjs.org/parse-json/-/parse-json-2.2.0.tgz"
  integrity sha1-9ID0BDTvgHQfhGkJn43qGPVaTck=
  dependencies:
    error-ex "^1.2.0"

parseurl@^1.3.0:
  version "1.3.2"
  resolved "https://registry.npmjs.org/parseurl/-/parseurl-1.3.2.tgz"
  integrity sha1-/CidTtiZMRlGDBViUyYs3I3mW/M=

path-exists@^2.0.0:
  version "2.1.0"
  resolved "https://registry.npmjs.org/path-exists/-/path-exists-2.1.0.tgz"
  integrity sha1-D+tsZPD8UY2adU3V77YscCJ2H0s=
  dependencies:
    pinkie-promise "^2.0.0"

path-is-absolute@^1.0.0:
  version "1.0.1"
  resolved "https://registry.npmjs.org/path-is-absolute/-/path-is-absolute-1.0.1.tgz"
  integrity sha1-F0uSaHNVNP+8es5r9TpanhtcX18=

path-parse@^1.0.5:
  version "1.0.5"
  resolved "https://registry.npmjs.org/path-parse/-/path-parse-1.0.5.tgz"
  integrity sha1-PBrfhx6pzWyUMbbqK9dKD/BVxME=

path-to-regexp@^1.1.1:
  version "1.7.0"
  resolved "https://registry.npmjs.org/path-to-regexp/-/path-to-regexp-1.7.0.tgz"
  integrity sha1-Wf3g9DW62suhA6hOnTvGTpa5k30=
  dependencies:
    isarray "0.0.1"

path-type@^1.0.0:
  version "1.1.0"
  resolved "https://registry.npmjs.org/path-type/-/path-type-1.1.0.tgz"
  integrity sha1-WcRPfuSR2nBNpBXaWkBwuk+P5EE=
  dependencies:
    graceful-fs "^4.1.2"
    pify "^2.0.0"
    pinkie-promise "^2.0.0"

pify@^2.0.0:
  version "2.3.0"
  resolved "https://registry.npmjs.org/pify/-/pify-2.3.0.tgz"
  integrity sha1-7RQaasBDqEnqWISY59yosVMw6Qw=

pinkie-promise@^2.0.0:
  version "2.0.1"
  resolved "https://registry.npmjs.org/pinkie-promise/-/pinkie-promise-2.0.1.tgz"
  integrity sha1-ITXW36ejWMBprJsXh3YogihFD/o=
  dependencies:
    pinkie "^2.0.0"

pinkie@^2.0.0:
  version "2.0.4"
  resolved "https://registry.npmjs.org/pinkie/-/pinkie-2.0.4.tgz"
  integrity sha1-clVrgM+g1IqXToDnckjoDtT3+HA=

process-nextick-args@~2.0.0:
  version "2.0.0"
  resolved "https://registry.npmjs.org/process-nextick-args/-/process-nextick-args-2.0.0.tgz"
  integrity sha512-MtEC1TqN0EU5nephaJ4rAtThHtC86dNN9qCuEhtshvpVBkAW5ZO7BASN9REnF9eoXGcRub+pFuKEpOHE+HbEMw==

pump@3.0.0:
  version "3.0.0"
  resolved "https://registry.npmjs.org/pump/-/pump-3.0.0.tgz"
  integrity sha512-LwZy+p3SFs1Pytd/jYct4wpv49HiYCqd9Rlc5ZVdk0V+8Yzv6jR5Blk3TRmPL1ft69TxP0IMZGJ+WPFU2BFhww==
  dependencies:
    end-of-stream "^1.1.0"
    once "^1.3.1"

punycode@^1.4.1:
  version "1.4.1"
  resolved "https://registry.npmjs.org/punycode/-/punycode-1.4.1.tgz"
  integrity sha1-wNWmOycYgArY4esPpSachN1BhF4=

qs@^6.5.1:
  version "6.5.2"
  resolved "https://registry.npmjs.org/qs/-/qs-6.5.2.tgz"
  integrity sha512-N5ZAX4/LxJmF+7wN74pUD6qAh9/wnvdQcjq9TZjevvXzSUo7bfmw91saqMjzGS2xq91/odN2dW/WOl7qQHNDGA==

read-pkg-up@^1.0.1:
  version "1.0.1"
  resolved "https://registry.npmjs.org/read-pkg-up/-/read-pkg-up-1.0.1.tgz"
  integrity sha1-nWPBMnbAZZGNV/ACpX9AobZD+wI=
  dependencies:
    find-up "^1.0.0"
    read-pkg "^1.0.0"

read-pkg@^1.0.0:
  version "1.1.0"
  resolved "https://registry.npmjs.org/read-pkg/-/read-pkg-1.1.0.tgz"
  integrity sha1-9f+qXs0pyzHAR0vKfXVra7KePyg=
  dependencies:
    load-json-file "^1.0.0"
    normalize-package-data "^2.3.2"
    path-type "^1.0.0"

readable-stream@^2.0.5:
  version "2.3.6"
  resolved "https://registry.npmjs.org/readable-stream/-/readable-stream-2.3.6.tgz"
  integrity sha512-tQtKA9WIAhBF3+VLAseyMqZeBjW0AHJoxOtYqSUZNJxauErmLbVm2FW1y+J/YA9dUrAC39ITejlZWhVIwawkKw==
  dependencies:
    core-util-is "~1.0.0"
    inherits "~2.0.3"
    isarray "~1.0.0"
    process-nextick-args "~2.0.0"
    safe-buffer "~5.1.1"
    string_decoder "~1.1.1"
    util-deprecate "~1.0.1"

redent@^1.0.0:
  version "1.0.0"
  resolved "https://registry.npmjs.org/redent/-/redent-1.0.0.tgz"
  integrity sha1-z5Fqsf1fHxbfsggi3W7H9zDCr94=
  dependencies:
    indent-string "^2.1.0"
    strip-indent "^1.0.1"

redeyed@~1.0.0:
  version "1.0.1"
  resolved "https://registry.npmjs.org/redeyed/-/redeyed-1.0.1.tgz"
  integrity sha1-6WwZO0DAgWsArshCaY5hGF5VSYo=
  dependencies:
    esprima "~3.0.0"

repeating@^2.0.0:
  version "2.0.1"
  resolved "https://registry.npmjs.org/repeating/-/repeating-2.0.1.tgz"
  integrity sha1-UhTFOpJtNVJwdSf7q0FdvAjQbdo=
  dependencies:
    is-finite "^1.0.0"

resolve@^1.0.0:
  version "1.7.1"
  resolved "https://registry.npmjs.org/resolve/-/resolve-1.7.1.tgz"
  integrity sha512-c7rwLofp8g1U+h1KNyHL/jicrKg1Ek4q+Lr33AL65uZTinUZHe30D5HlyN5V9NW0JX1D5dXQ4jqW5l7Sy/kGfw==
  dependencies:
    path-parse "^1.0.5"

safe-buffer@~5.1.0, safe-buffer@~5.1.1:
  version "5.1.2"
  resolved "https://registry.npmjs.org/safe-buffer/-/safe-buffer-5.1.2.tgz"
  integrity sha512-Gd2UZBJDkXlY7GbJxfsE8/nvKkUEU1G38c1siN6QP6a9PT9MmHB8GnpscSmMJSoF8LOIrt8ud/wPtojys4G6+g==

"semver@2 || 3 || 4 || 5", semver@^5.1.0:
  version "5.5.0"
  resolved "https://registry.npmjs.org/semver/-/semver-5.5.0.tgz"
  integrity sha512-4SJ3dm0WAwWy/NVeioZh5AntkdJoWKxHxcmyP622fOkgHa4z3R0TdBJICINyaSDE6uNwVc8gZr+ZinwZAH4xIA==

setprototypeof@1.1.0:
  version "1.1.0"
  resolved "https://registry.npmjs.org/setprototypeof/-/setprototypeof-1.1.0.tgz"
  integrity sha512-BvE/TwpZX4FXExxOxZyRGQQv651MSwmWKZGqvmPcRIjDqWub67kTKuIMx43cZZrS/cBBzwBcNDWoFxt2XEFIpQ==

shellwords@^0.1.0:
  version "0.1.1"
  resolved "https://registry.npmjs.org/shellwords/-/shellwords-0.1.1.tgz"
  integrity sha512-vFwSUfQvqybiICwZY5+DAWIPLKsWO31Q91JSKl3UYv+K5c2QRPzn0qzec6QPu1Qc9eHYItiP3NdJqNVqetYAww==

signal-exit@^3.0.0:
  version "3.0.2"
  resolved "https://registry.npmjs.org/signal-exit/-/signal-exit-3.0.2.tgz"
  integrity sha1-tf3AjxKH6hF4Yo5BXiUTK3NkbG0=

spdx-correct@^3.0.0:
  version "3.0.0"
  resolved "https://registry.npmjs.org/spdx-correct/-/spdx-correct-3.0.0.tgz"
  integrity sha512-N19o9z5cEyc8yQQPukRCZ9EUmb4HUpnrmaL/fxS2pBo2jbfcFRVuFZ/oFC+vZz0MNNk0h80iMn5/S6qGZOL5+g==
  dependencies:
    spdx-expression-parse "^3.0.0"
    spdx-license-ids "^3.0.0"

spdx-exceptions@^2.1.0:
  version "2.1.0"
  resolved "https://registry.npmjs.org/spdx-exceptions/-/spdx-exceptions-2.1.0.tgz"
  integrity sha512-4K1NsmrlCU1JJgUrtgEeTVyfx8VaYea9J9LvARxhbHtVtohPs/gFGG5yy49beySjlIMhhXZ4QqujIZEfS4l6Cg==

spdx-expression-parse@^3.0.0:
  version "3.0.0"
  resolved "https://registry.npmjs.org/spdx-expression-parse/-/spdx-expression-parse-3.0.0.tgz"
  integrity sha512-Yg6D3XpRD4kkOmTpdgbUiEJFKghJH03fiC1OPll5h/0sO6neh2jqRDVHOQ4o/LMea0tgCkbMgea5ip/e+MkWyg==
  dependencies:
    spdx-exceptions "^2.1.0"
    spdx-license-ids "^3.0.0"

spdx-license-ids@^3.0.0:
  version "3.0.0"
  resolved "https://registry.npmjs.org/spdx-license-ids/-/spdx-license-ids-3.0.0.tgz"
  integrity sha512-2+EPwgbnmOIl8HjGBXXMd9NAu02vLjOO1nWw4kmeRDFyHn+M/ETfHxQUK0oXg8ctgVnl9t3rosNVsZ1jG61nDA==

stackframe@^0.3.1:
  version "0.3.1"
  resolved "https://registry.npmjs.org/stackframe/-/stackframe-0.3.1.tgz"
  integrity sha1-M6qE8Rd6VUjIk1Uzy/6zQgl19aQ=

"statuses@>= 1.4.0 < 2", statuses@^1.2.0:
  version "1.5.0"
  resolved "https://registry.npmjs.org/statuses/-/statuses-1.5.0.tgz"
  integrity sha1-Fhx9rBd2Wf2YEfQ3cfqZOBR4Yow=

string_decoder@~1.1.1:
  version "1.1.1"
  resolved "https://registry.npmjs.org/string_decoder/-/string_decoder-1.1.1.tgz"
  integrity sha512-n/ShnvDi6FHbbVfviro+WojiFzv+s8MPMHBczVePfUpDJLwoLT0ht1l4YwBCbi8pJAveEEdnkHyPyTP/mzRfwg==
  dependencies:
    safe-buffer "~5.1.0"

strip-ansi@^3.0.0:
  version "3.0.1"
  resolved "https://registry.npmjs.org/strip-ansi/-/strip-ansi-3.0.1.tgz"
  integrity sha1-ajhfuIU9lS1f8F0Oiq+UJ43GPc8=
  dependencies:
    ansi-regex "^2.0.0"

strip-bom@^2.0.0:
  version "2.0.0"
  resolved "https://registry.npmjs.org/strip-bom/-/strip-bom-2.0.0.tgz"
  integrity sha1-YhmoVhZSBJHzV4i9vxRHqZx+aw4=
  dependencies:
    is-utf8 "^0.2.0"

strip-indent@^1.0.1:
  version "1.0.1"
  resolved "https://registry.npmjs.org/strip-indent/-/strip-indent-1.0.1.tgz"
  integrity sha1-DHlipq3vp7vUrDZkYKY4VSrhoKI=
  dependencies:
    get-stdin "^4.0.1"

superagent@3.8.2:
  version "3.8.2"
  resolved "https://registry.npmjs.org/superagent/-/superagent-3.8.2.tgz"
  integrity sha512-gVH4QfYHcY3P0f/BZzavLreHW3T1v7hG9B+hpMQotGQqurOvhv87GcMCd6LWySmBuf+BDR44TQd0aISjVHLeNQ==
  dependencies:
    component-emitter "^1.2.0"
    cookiejar "^2.1.0"
    debug "^3.1.0"
    extend "^3.0.0"
    form-data "^2.3.1"
    formidable "^1.1.1"
    methods "^1.1.1"
    mime "^1.4.1"
    qs "^6.5.1"
    readable-stream "^2.0.5"

supertest@3.1.0:
  version "3.1.0"
  resolved "https://registry.npmjs.org/supertest/-/supertest-3.1.0.tgz"
  integrity sha512-O44AMnmJqx294uJQjfUmEyYOg7d9mylNFsMw/Wkz4evKd1njyPrtCN+U6ZIC7sKtfEVQhfTqFFijlXx8KP/Czw==
  dependencies:
    methods "~1.1.2"
    superagent "3.8.2"

supports-color@4.4.0:
  version "4.4.0"
  resolved "https://registry.npmjs.org/supports-color/-/supports-color-4.4.0.tgz"
  integrity sha512-rKC3+DyXWgK0ZLKwmRsrkyHVZAjNkfzeehuFWdGGcqGDTZFH73+RH6S/RDAAxl9GusSjZSUWYLmT9N5pzXFOXQ==
  dependencies:
    has-flag "^2.0.0"

supports-color@^2.0.0:
  version "2.0.0"
  resolved "https://registry.npmjs.org/supports-color/-/supports-color-2.0.0.tgz"
  integrity sha1-U10EXOa2Nj+kARcIRimZXp3zJMc=

tldjs@2.3.1:
  version "2.3.1"
  resolved "https://registry.npmjs.org/tldjs/-/tldjs-2.3.1.tgz"
  integrity sha512-W/YVH/QczLUxVjnQhFC61Iq232NWu3TqDdO0S/MtXVz4xybejBov4ud+CIwN9aYqjOecEqIy0PscGkwpG9ZyTw==
  dependencies:
    punycode "^1.4.1"

trim-newlines@^1.0.0:
  version "1.0.0"
  resolved "https://registry.npmjs.org/trim-newlines/-/trim-newlines-1.0.0.tgz"
  integrity sha1-WIeWa7WCpFA6QetST301ARgVphM=

type-is@^1.5.5:
  version "1.6.16"
  resolved "https://registry.npmjs.org/type-is/-/type-is-1.6.16.tgz"
  integrity sha512-HRkVv/5qY2G6I8iab9cI7v1bOIdhm94dVjQCPFElW9W+3GeDOSHmy2EBYe4VTApuzolPcmgFTN3ftVJRKR2J9Q==
  dependencies:
    media-typer "0.3.0"
    mime-types "~2.1.18"

urijs@^1.19.0:
  version "1.19.1"
  resolved "https://registry.npmjs.org/urijs/-/urijs-1.19.1.tgz"
  integrity sha512-xVrGVi94ueCJNrBSTjWqjvtgvl3cyOTThp2zaMaFNGp3F542TR6sM3f2o8RqZl+AwteClSVmoCyt0ka4RjQOQg==

util-deprecate@~1.0.1:
  version "1.0.2"
  resolved "https://registry.npmjs.org/util-deprecate/-/util-deprecate-1.0.2.tgz"
  integrity sha1-RQ1Nyfpw3nMnYvvS1KKJgUGaDM8=

validate-npm-package-license@^3.0.1:
  version "3.0.3"
  resolved "https://registry.npmjs.org/validate-npm-package-license/-/validate-npm-package-license-3.0.3.tgz"
  integrity sha512-63ZOUnL4SIXj4L0NixR3L1lcjO38crAbgrTpl28t8jjrfuiOBL5Iygm+60qPs/KsZGzPNg6Smnc/oY16QTjF0g==
  dependencies:
    spdx-correct "^3.0.0"
    spdx-expression-parse "^3.0.0"

vary@^1.0.0:
  version "1.1.2"
  resolved "https://registry.npmjs.org/vary/-/vary-1.1.2.tgz"
  integrity sha1-IpnwLG3tMNSllhsLn3RSShj2NPw=

which@^1.0.5:
  version "1.3.0"
  resolved "https://registry.npmjs.org/which/-/which-1.3.0.tgz"
  integrity sha512-xcJpopdamTuY5duC/KnTTNBraPK54YwpenP4lzxU8H91GudWpFv38u0CKjclE1Wi2EH2EDz5LRcHcKbCIzqGyg==
  dependencies:
    isexe "^2.0.0"

wordwrap@~0.0.2:
  version "0.0.3"
  resolved "https://registry.npmjs.org/wordwrap/-/wordwrap-0.0.3.tgz"
  integrity sha1-o9XabNXAvAAI03I0u68b7WMFkQc=

wrappy@1:
  version "1.0.2"
  resolved "https://registry.npmjs.org/wrappy/-/wrappy-1.0.2.tgz"
  integrity sha1-tSQ9jz7BqjXxNkYFvA0QNuMKtp8=

ws@5.1.1:
  version "5.1.1"
  resolved "https://registry.npmjs.org/ws/-/ws-5.1.1.tgz"
  integrity sha512-bOusvpCb09TOBLbpMKszd45WKC2KPtxiyiHanv+H2DE3Az+1db5a/L7sVJZVDPUC1Br8f0SKRr1KjLpD1U/IAw==
  dependencies:
    async-limiter "~1.0.0"

xtend@~2.0.6:
  version "2.0.6"
  resolved "https://registry.npmjs.org/xtend/-/xtend-2.0.6.tgz"
  integrity sha1-XqZXptukRwacLlnFihE4ywxebO4=
  dependencies:
    is-object "~0.1.2"
    object-keys "~0.2.0"
